{
	"name": "ts-openapi-example",
	"version": "1.0.0",
	"lockfileVersion": 3,
	"requires": true,
	"packages": {
		"": {
			"name": "ts-openapi-example",
			"version": "1.0.0",
			"license": "ISC",
			"devDependencies": {
				"@types/node": "^20.12.12",
				"esm": "^3.2.25",
				"fs": "^0.0.1-security",
				"typeconv": "^2.3.1",
				"typescript": "^5.4.5"
			}
		},
		"node_modules/@babel/helper-validator-identifier": {
			"version": "7.24.6",
			"resolved": "https://registry.npmjs.org/@babel/helper-validator-identifier/-/helper-validator-identifier-7.24.6.tgz",
			"integrity": "sha512-4yA7s865JHaqUdRbnaxarZREuPTHrjpDT+pXoAZ1yhyo6uFnIEpS8VMu16siFOHDpZNKYv5BObhsB//ycbICyw==",
			"dev": true,
			"engines": {
				"node": ">=6.9.0"
			}
		},
		"node_modules/@nodelib/fs.scandir": {
			"version": "2.1.5",
			"resolved": "https://registry.npmjs.org/@nodelib/fs.scandir/-/fs.scandir-2.1.5.tgz",
			"integrity": "sha512-vq24Bq3ym5HEQm2NKCr3yXDwjc7vTsEThRDnkp2DK9p1uqLR+DHurm/NOTo0KG7HYHU7eppKZj3MyqYuMBf62g==",
			"dev": true,
			"dependencies": {
				"@nodelib/fs.stat": "2.0.5",
				"run-parallel": "^1.1.9"
			},
			"engines": {
				"node": ">= 8"
			}
		},
		"node_modules/@nodelib/fs.stat": {
			"version": "2.0.5",
			"resolved": "https://registry.npmjs.org/@nodelib/fs.stat/-/fs.stat-2.0.5.tgz",
			"integrity": "sha512-RkhPPp2zrqDAQA/2jNhnztcPAlv64XdhIp7a7454A5ovI7Bukxgt7MX7udwAu3zg1DcpPU0rz3VV1SeaqvY4+A==",
			"dev": true,
			"engines": {
				"node": ">= 8"
			}
		},
		"node_modules/@nodelib/fs.walk": {
			"version": "1.2.8",
			"resolved": "https://registry.npmjs.org/@nodelib/fs.walk/-/fs.walk-1.2.8.tgz",
			"integrity": "sha512-oGB+UxlgWcgQkgwo8GcEGwemoTFt3FIO9ababBmaGwXIoBKZ+GTy0pP185beGg7Llih/NSHSV2XAs1lnznocSg==",
			"dev": true,
			"dependencies": {
				"@nodelib/fs.scandir": "2.1.5",
				"fastq": "^1.6.0"
			},
			"engines": {
				"node": ">= 8"
			}
		},
		"node_modules/@types/bintrees": {
			"version": "1.0.6",
			"resolved": "https://registry.npmjs.org/@types/bintrees/-/bintrees-1.0.6.tgz",
			"integrity": "sha512-pZWT4Bz+tWwxlDspSjdoIza4PE5lbGI4Xvs3FZV/2v5m5SDA8LwNpU8AXxlndmARO7OaQ1Vf3zFenOsNMzaRkQ==",
			"dev": true
		},
		"node_modules/@types/json-schema": {
			"version": "7.0.15",
			"resolved": "https://registry.npmjs.org/@types/json-schema/-/json-schema-7.0.15.tgz",
			"integrity": "sha512-5+fP8P8MFNC+AyZCDxrB2pkZFPGzqQWUzpSeuuVLvm8VMcorNYavBqoFcxK8bQz4Qsbn4oUEEem4wDLfcysGHA==",
			"dev": true
		},
		"node_modules/@types/node": {
			"version": "20.12.12",
			"resolved": "https://registry.npmjs.org/@types/node/-/node-20.12.12.tgz",
			"integrity": "sha512-eWLDGF/FOSPtAvEqeRAQ4C8LSA7M1I7i0ky1I8U7kD1J5ITyW3AsRhQrKVoWf5pFKZ2kILsEGJhsI9r93PYnOw==",
			"dev": true,
			"dependencies": {
				"undici-types": "~5.26.4"
			}
		},
		"node_modules/ajv": {
			"version": "6.12.6",
			"resolved": "https://registry.npmjs.org/ajv/-/ajv-6.12.6.tgz",
			"integrity": "sha512-j3fVLgvTo527anyYyJOGTYJbG+vnnQYvE0m5mmkc1TK+nxAppkCLMIL0aZ4dblVCNoGShhm+kzE4ZUykBoMg4g==",
			"dev": true,
			"dependencies": {
				"fast-deep-equal": "^3.1.1",
				"fast-json-stable-stringify": "^2.0.0",
				"json-schema-traverse": "^0.4.1",
				"uri-js": "^4.2.2"
			},
			"funding": {
				"type": "github",
				"url": "https://github.com/sponsors/epoberezkin"
			}
		},
		"node_modules/ajv/node_modules/json-schema-traverse": {
			"version": "0.4.1",
			"resolved": "https://registry.npmjs.org/json-schema-traverse/-/json-schema-traverse-0.4.1.tgz",
			"integrity": "sha512-xbbCH5dCYU5T8LcEhhuh7HJ88HXuW3qsI3Y0zOZFKfZEHcpWiHU/Jxzk629Brsab/mMiHQti9wMP+845RPe3Vg==",
			"dev": true
		},
		"node_modules/already": {
			"version": "3.4.1",
			"resolved": "https://registry.npmjs.org/already/-/already-3.4.1.tgz",
			"integrity": "sha512-A/pPsRla+kGQ8fOEbQOZ0MaWWC8LMR5P1KTtvrcf8AYHBujFF/UofNfHAVIVsXhu9AWV+BRrVt/lXuiouZzLCw==",
			"dev": true,
			"engines": {
				"node": "^12.20.0 || ^14.13.1 || >=16.0.0"
			}
		},
		"node_modules/ansi-escapes": {
			"version": "5.0.0",
			"resolved": "https://registry.npmjs.org/ansi-escapes/-/ansi-escapes-5.0.0.tgz",
			"integrity": "sha512-5GFMVX8HqE/TB+FuBJGuO5XG0WrsA6ptUqoODaT/n9mmUaZFkqnBueB4leqGBCmrUHnCnC4PCZTCd0E7QQ83bA==",
			"dev": true,
			"dependencies": {
				"type-fest": "^1.0.2"
			},
			"engines": {
				"node": ">=12"
			},
			"funding": {
				"url": "https://github.com/sponsors/sindresorhus"
			}
		},
		"node_modules/ansi-styles": {
			"version": "4.3.0",
			"resolved": "https://registry.npmjs.org/ansi-styles/-/ansi-styles-4.3.0.tgz",
			"integrity": "sha512-zbB9rCJAT1rbjiVDb2hqKFHNYLxgtk8NURxZ3IZwD3F6NtxbXZQCnnSi1Lkx+IDohdPlFp222wVALIheZJQSEg==",
			"dev": true,
			"dependencies": {
				"color-convert": "^2.0.1"
			},
			"engines": {
				"node": ">=8"
			},
			"funding": {
				"url": "https://github.com/chalk/ansi-styles?sponsor=1"
			}
		},
		"node_modules/argparse": {
			"version": "2.0.1",
			"resolved": "https://registry.npmjs.org/argparse/-/argparse-2.0.1.tgz",
			"integrity": "sha512-8+9WqebbFzpX9OR+Wa6O29asIogeRMzcGtAINdpMHHyAg10f05aSFVBbcEqGf/PXw1EjAZ+q2/bEBg3DvurK3Q==",
			"dev": true
		},
		"node_modules/awesome-ajv-errors": {
			"version": "5.1.0",
			"resolved": "https://registry.npmjs.org/awesome-ajv-errors/-/awesome-ajv-errors-5.1.0.tgz",
			"integrity": "sha512-kXak1TPsFI3hMFWc5ase0EQJEBgVSo/iLil4QZnogyEg6/rYxnywCvuF0doB9iKzqDUUOwzVTduq0Z16CxWICQ==",
			"dev": true,
			"dependencies": {
				"awesome-code-frame": "^1.1.0",
				"chalk": "^5.2.0",
				"jsonpointer": "^5.0.1",
				"jsonpos": "^4.1.2",
				"leven": "^4.0.0",
				"terminal-link": "^3.0.0"
			},
			"engines": {
				"node": "^14.13.1 || >=16.0.0"
			},
			"peerDependencies": {
				"ajv": "^6 || ^7 || ^8"
			}
		},
		"node_modules/awesome-code-frame": {
			"version": "1.1.0",
			"resolved": "https://registry.npmjs.org/awesome-code-frame/-/awesome-code-frame-1.1.0.tgz",
			"integrity": "sha512-FJH2rUCFpCMIm1YU1n5Oit59Sy9Okc+K5z77MbbKDcLoNuFbskq55qZO7ePoVuImoMEQ+G5FgLneUWUlJ89FEQ==",
			"dev": true,
			"dependencies": {
				"@babel/helper-validator-identifier": "^7.19.1",
				"chalk": "^5.2.0",
				"charcodes": "^0.2.0",
				"js-tokens": "^8.0.1"
			},
			"engines": {
				"node": "^14.13.1 || >=16.0.0"
			}
		},
		"node_modules/bintrees": {
			"version": "1.0.2",
			"resolved": "https://registry.npmjs.org/bintrees/-/bintrees-1.0.2.tgz",
			"integrity": "sha512-VOMgTMwjAaUG580SXn3LacVgjurrbMme7ZZNYGSSV7mmtY6QQRh0Eg3pwIcntQ77DErK1L0NxkbetjcoXzVwKw==",
			"dev": true
		},
		"node_modules/braces": {
			"version": "3.0.3",
			"resolved": "https://registry.npmjs.org/braces/-/braces-3.0.3.tgz",
			"integrity": "sha512-yQbXgO/OSZVD2IsiLlro+7Hf6Q18EJrKSEsdoMzKePKXct3gvD8oLcOQdIzGupr5Fj+EDe8gO/lxc1BzfMpxvA==",
			"dev": true,
			"dependencies": {
				"fill-range": "^7.1.1"
			},
			"engines": {
				"node": ">=8"
			}
		},
		"node_modules/chalk": {
			"version": "5.3.0",
			"resolved": "https://registry.npmjs.org/chalk/-/chalk-5.3.0.tgz",
			"integrity": "sha512-dLitG79d+GV1Nb/VYcCDFivJeK1hiukt9QjRNVOsUtTy1rR1YJsmpGGTZ3qJos+uw7WmWF4wUwBd9jxjocFC2w==",
			"dev": true,
			"engines": {
				"node": "^12.17.0 || ^14.13 || >=16.0.0"
			},
			"funding": {
				"url": "https://github.com/chalk/chalk?sponsor=1"
			}
		},
		"node_modules/charcodes": {
			"version": "0.2.0",
			"resolved": "https://registry.npmjs.org/charcodes/-/charcodes-0.2.0.tgz",
			"integrity": "sha512-Y4kiDb+AM4Ecy58YkuZrrSRJBDQdQ2L+NyS1vHHFtNtUjgutcZfx3yp1dAONI/oPaPmyGfCLx5CxL+zauIMyKQ==",
			"dev": true,
			"engines": {
				"node": ">=6"
			}
		},
		"node_modules/color-convert": {
			"version": "2.0.1",
			"resolved": "https://registry.npmjs.org/color-convert/-/color-convert-2.0.1.tgz",
			"integrity": "sha512-RRECPsj7iu/xb5oKYcsFHSppFNnsj/52OVTRKb4zP5onXwVF3zVmmToNcOfGC+CRDpfK/U584fMg38ZHCaElKQ==",
			"dev": true,
			"dependencies": {
				"color-name": "~1.1.4"
			},
			"engines": {
				"node": ">=7.0.0"
			}
		},
		"node_modules/color-name": {
			"version": "1.1.4",
			"resolved": "https://registry.npmjs.org/color-name/-/color-name-1.1.4.tgz",
			"integrity": "sha512-dOy+3AuW3a2wNbZHIuMZpTcgjGuLU/uBL/ubcZF9OXbDo8ff4O8yVp5Bf0efS8uEoYo5q4Fx7dY9OgQGXgAsQA==",
			"dev": true
		},
		"node_modules/core-types": {
			"version": "3.1.0",
			"resolved": "https://registry.npmjs.org/core-types/-/core-types-3.1.0.tgz",
			"integrity": "sha512-Y3E1/UmKK+rvW2o9lz87Z+We8kjIIjn/kq0llT8IhucbG0+gEyDAVzEmgrCeHlU6h96lyavmwPz0Yn4MJcI53Q==",
			"dev": true,
			"engines": {
				"node": ">=14.13.1 || >=16.0.0"
			}
		},
		"node_modules/core-types-graphql": {
			"version": "3.0.0",
			"resolved": "https://registry.npmjs.org/core-types-graphql/-/core-types-graphql-3.0.0.tgz",
			"integrity": "sha512-HJNvDglibcYbksudKRvtKppRGR6+P3Ahcf1aZJ5XtXHsFpc6RCaVbhcW5w8P/9MNhSfzwRYtnlJGc2DPJKtk9g==",
			"dev": true,
			"dependencies": {
				"core-types": "^3.0.0",
				"graphql": "^16.6.0"
			},
			"engines": {
				"node": ">=14.13.1 || >=16.0.0"
			}
		},
		"node_modules/core-types-json-schema": {
			"version": "2.2.0",
			"resolved": "https://registry.npmjs.org/core-types-json-schema/-/core-types-json-schema-2.2.0.tgz",
			"integrity": "sha512-r3bHG0Iv5+pZrTOUQWy/aDM/SzqAX/B1UnmNFbrKKW6iQB2zsdRd14LWc+1WxVX9YoIjHkLAu7pb84gL4hk3/g==",
			"dev": true,
			"dependencies": {
				"@types/json-schema": "^7.0.12",
				"core-types": "^3.1.0",
				"jsonpos": "^4.1.2",
				"openapi-json-schema": "^2.0.0"
			},
			"engines": {
				"node": ">=14.13.1 || >=16.0.0"
			}
		},
		"node_modules/core-types-suretype": {
			"version": "3.2.0",
			"resolved": "https://registry.npmjs.org/core-types-suretype/-/core-types-suretype-3.2.0.tgz",
			"integrity": "sha512-xHCU9ly4Eyo6vld6gdquMOJNM14zduXHVtWZbw3x9kAk/zEtdCAzUZBsBQHutf7zTs4YP1DZCxCFPfkAtU7OwA==",
			"dev": true,
			"dependencies": {
				"@types/json-schema": "^7.0.11",
				"core-types": "^3.0.0",
				"core-types-json-schema": "^2.1.0",
				"core-types-ts": "^4.0.1",
				"json-schema-cycles": "^3.0.0",
				"jsonpos": "^4.1.2",
				"openapi-json-schema": "^2.0.0",
				"suretype": "^3.2.1",
				"toposort": "^2.0.2",
				"typescript": "^5.0.2"
			},
			"engines": {
				"node": ">=14.13.1 || >=16.0.0"
			}
		},
		"node_modules/core-types-ts": {
			"version": "4.1.0",
			"resolved": "https://registry.npmjs.org/core-types-ts/-/core-types-ts-4.1.0.tgz",
			"integrity": "sha512-CSMGGqZGTyErIs+FU4qMTznKca8j3JtSbgT90KB8t0RWtWEHGrNqemy7DU3SrKujCD3cy4PFInOh6DGd0kmGmg==",
			"dev": true,
			"dependencies": {
				"core-types": "^3.1.0",
				"typescript": "^5.0.3"
			},
			"engines": {
				"node": ">=14.13.1 || >=16.0.0"
			}
		},
		"node_modules/dir-glob": {
			"version": "3.0.1",
			"resolved": "https://registry.npmjs.org/dir-glob/-/dir-glob-3.0.1.tgz",
			"integrity": "sha512-WkrWp9GR4KXfKGYzOLmTuGVi1UWFfws377n9cc55/tb6DuqyF6pcQ5AbiHEshaDpY9v6oaSr2XCDidGmMwdzIA==",
			"dev": true,
			"dependencies": {
				"path-type": "^4.0.0"
			},
			"engines": {
				"node": ">=8"
			}
		},
		"node_modules/esm": {
			"version": "3.2.25",
			"resolved": "https://registry.npmjs.org/esm/-/esm-3.2.25.tgz",
			"integrity": "sha512-U1suiZ2oDVWv4zPO56S0NcR5QriEahGtdN2OR6FiOG4WJvcjBVFB0qI4+eKoWFH483PKGuLuu6V8Z4T5g63UVA==",
			"dev": true,
			"engines": {
				"node": ">=6"
			}
		},
		"node_modules/fast-deep-equal": {
			"version": "3.1.3",
			"resolved": "https://registry.npmjs.org/fast-deep-equal/-/fast-deep-equal-3.1.3.tgz",
			"integrity": "sha512-f3qQ9oQy9j2AhBe/H9VC91wLmKBCCU/gDOnKNAYG5hswO7BLKj09Hc5HYNz9cGI++xlpDCIgDaitVs03ATR84Q==",
			"dev": true
		},
		"node_modules/fast-glob": {
			"version": "3.3.2",
			"resolved": "https://registry.npmjs.org/fast-glob/-/fast-glob-3.3.2.tgz",
			"integrity": "sha512-oX2ruAFQwf/Orj8m737Y5adxDQO0LAB7/S5MnxCdTNDd4p6BsyIVsv9JQsATbTSq8KHRpLwIHbVlUNatxd+1Ow==",
			"dev": true,
			"dependencies": {
				"@nodelib/fs.stat": "^2.0.2",
				"@nodelib/fs.walk": "^1.2.3",
				"glob-parent": "^5.1.2",
				"merge2": "^1.3.0",
				"micromatch": "^4.0.4"
			},
			"engines": {
				"node": ">=8.6.0"
			}
		},
		"node_modules/fast-json-stable-stringify": {
			"version": "2.1.0",
			"resolved": "https://registry.npmjs.org/fast-json-stable-stringify/-/fast-json-stable-stringify-2.1.0.tgz",
			"integrity": "sha512-lhd/wF+Lk98HZoTCtlVraHtfh5XYijIjalXck7saUtuanSDyLMxnHhSXEDJqHxD7msR8D0uCmqlkwjCV8xvwHw==",
			"dev": true
		},
		"node_modules/fast-string-compare": {
			"version": "3.0.0",
			"resolved": "https://registry.npmjs.org/fast-string-compare/-/fast-string-compare-3.0.0.tgz",
			"integrity": "sha512-PY66/8HelapGo5nqMN17ZTKqJj1nppuS1OoC9Y0aI2jsUDlZDEYhMODTpb68wVCq+xMbaEbPGXRd7qutHzkRXA==",
			"dev": true,
			"engines": {
				"node": "^14.13.1 || >=16.0.0"
			}
		},
		"node_modules/fastq": {
			"version": "1.17.1",
			"resolved": "https://registry.npmjs.org/fastq/-/fastq-1.17.1.tgz",
			"integrity": "sha512-sRVD3lWVIXWg6By68ZN7vho9a1pQcN/WBFaAAsDDFzlJjvoGx0P8z7V1t72grFJfJhu3YPZBuu25f7Kaw2jN1w==",
			"dev": true,
			"dependencies": {
				"reusify": "^1.0.4"
			}
		},
		"node_modules/fill-range": {
			"version": "7.1.1",
			"resolved": "https://registry.npmjs.org/fill-range/-/fill-range-7.1.1.tgz",
			"integrity": "sha512-YsGpe3WHLK8ZYi4tWDg2Jy3ebRz2rXowDxnld4bkQB00cc/1Zw9AWnC0i9ztDJitivtQvaI9KaLyKrc+hBW0yg==",
			"dev": true,
			"dependencies": {
				"to-regex-range": "^5.0.1"
			},
			"engines": {
				"node": ">=8"
			}
		},
		"node_modules/fs": {
			"version": "0.0.1-security",
			"resolved": "https://registry.npmjs.org/fs/-/fs-0.0.1-security.tgz",
			"integrity": "sha512-3XY9e1pP0CVEUCdj5BmfIZxRBTSDycnbqhIOGec9QYtmVH2fbLpj86CFWkrNOkt/Fvty4KZG5lTglL9j/gJ87w==",
			"dev": true
		},
		"node_modules/glob-parent": {
			"version": "5.1.2",
			"resolved": "https://registry.npmjs.org/glob-parent/-/glob-parent-5.1.2.tgz",
			"integrity": "sha512-AOIgSQCepiJYwP3ARnGx+5VnTu2HBYdzbGP45eLw1vr3zB3vZLeyed1sC9hnbcOc9/SrMyM5RPQrkGz4aS9Zow==",
			"dev": true,
			"dependencies": {
				"is-glob": "^4.0.1"
			},
			"engines": {
				"node": ">= 6"
			}
		},
		"node_modules/globby": {
			"version": "13.2.2",
			"resolved": "https://registry.npmjs.org/globby/-/globby-13.2.2.tgz",
			"integrity": "sha512-Y1zNGV+pzQdh7H39l9zgB4PJqjRNqydvdYCDG4HFXM4XuvSaQQlEc91IU1yALL8gUTDomgBAfz3XJdmUS+oo0w==",
			"dev": true,
			"dependencies": {
				"dir-glob": "^3.0.1",
				"fast-glob": "^3.3.0",
				"ignore": "^5.2.4",
				"merge2": "^1.4.1",
				"slash": "^4.0.0"
			},
			"engines": {
				"node": "^12.20.0 || ^14.13.1 || >=16.0.0"
			},
			"funding": {
				"url": "https://github.com/sponsors/sindresorhus"
			}
		},
		"node_modules/graph-cycles": {
			"version": "3.0.0",
			"resolved": "https://registry.npmjs.org/graph-cycles/-/graph-cycles-3.0.0.tgz",
			"integrity": "sha512-9qxd8BQK0tZJ3cRUW0Yn2q6P/9h+bgz/4UYuscpdxPz6851NNBA1IwoYDRHDpKzCqmr1UHlGHcp5+0WzpY9F7A==",
			"dev": true,
			"dependencies": {
				"fast-string-compare": "^3.0.0",
				"rotated-array-set": "^3.0.0",
				"short-tree": "^3.0.0"
			},
			"engines": {
				"node": "^14.13.1 || >=16.0.0"
			}
		},
		"node_modules/graphql": {
			"version": "16.8.1",
			"resolved": "https://registry.npmjs.org/graphql/-/graphql-16.8.1.tgz",
			"integrity": "sha512-59LZHPdGZVh695Ud9lRzPBVTtlX9ZCV150Er2W43ro37wVof0ctenSaskPPjN7lVTIN8mSZt8PHUNKZuNQUuxw==",
			"dev": true,
			"engines": {
				"node": "^12.22.0 || ^14.16.0 || ^16.0.0 || >=17.0.0"
			}
		},
		"node_modules/has-flag": {
			"version": "4.0.0",
			"resolved": "https://registry.npmjs.org/has-flag/-/has-flag-4.0.0.tgz",
			"integrity": "sha512-EykJT/Q1KjTWctppgIAgfSO0tKVuZUjhgMr17kqTumMl6Afv3EISleU7qZUzoXDFTAHTDC4NOoG/ZxU3EvlMPQ==",
			"dev": true,
			"engines": {
				"node": ">=8"
			}
		},
		"node_modules/ignore": {
			"version": "5.3.1",
			"resolved": "https://registry.npmjs.org/ignore/-/ignore-5.3.1.tgz",
			"integrity": "sha512-5Fytz/IraMjqpwfd34ke28PTVMjZjJG2MPn5t7OE4eUCUNf8BAa7b5WUS9/Qvr6mwOQS7Mk6vdsMno5he+T8Xw==",
			"dev": true,
			"engines": {
				"node": ">= 4"
			}
		},
		"node_modules/is-extglob": {
			"version": "2.1.1",
			"resolved": "https://registry.npmjs.org/is-extglob/-/is-extglob-2.1.1.tgz",
			"integrity": "sha512-SbKbANkN603Vi4jEZv49LeVJMn4yGwsbzZworEoyEiutsN3nJYdbO36zfhGJ6QEDpOZIFkDtnq5JRxmvl3jsoQ==",
			"dev": true,
			"engines": {
				"node": ">=0.10.0"
			}
		},
		"node_modules/is-glob": {
			"version": "4.0.3",
			"resolved": "https://registry.npmjs.org/is-glob/-/is-glob-4.0.3.tgz",
			"integrity": "sha512-xelSayHH36ZgE7ZWhli7pW34hNbNl8Ojv5KVmkJD4hBdD3th8Tfk9vYasLM+mXWOZhFkgZfxhLSnrwRr4elSSg==",
			"dev": true,
			"dependencies": {
				"is-extglob": "^2.1.1"
			},
			"engines": {
				"node": ">=0.10.0"
			}
		},
		"node_modules/is-number": {
			"version": "7.0.0",
			"resolved": "https://registry.npmjs.org/is-number/-/is-number-7.0.0.tgz",
			"integrity": "sha512-41Cifkg6e8TylSpdtTpeLVMqvSBEVzTttHvERD741+pnZ8ANv0004MRL43QKPDlK9cGvNp6NZWZUBlbGXYxxng==",
			"dev": true,
			"engines": {
				"node": ">=0.12.0"
			}
		},
		"node_modules/js-tokens": {
			"version": "8.0.3",
			"resolved": "https://registry.npmjs.org/js-tokens/-/js-tokens-8.0.3.tgz",
			"integrity": "sha512-UfJMcSJc+SEXEl9lH/VLHSZbThQyLpw1vLO1Lb+j4RWDvG3N2f7yj3PVQA3cmkTBNldJ9eFnM+xEXxHIXrYiJw==",
			"dev": true
		},
		"node_modules/js-yaml": {
			"version": "4.1.0",
			"resolved": "https://registry.npmjs.org/js-yaml/-/js-yaml-4.1.0.tgz",
			"integrity": "sha512-wpxZs9NoxZaJESJGIZTyDEaYpl0FKSA+FB9aJiyemKhMwkxQg63h4T1KJgUGHpTqPDNRcmmYLugrRjJlBtWvRA==",
			"dev": true,
			"dependencies": {
				"argparse": "^2.0.1"
			},
			"bin": {
				"js-yaml": "bin/js-yaml.js"
			}
		},
		"node_modules/json-cst": {
			"version": "1.2.0",
			"resolved": "https://registry.npmjs.org/json-cst/-/json-cst-1.2.0.tgz",
			"integrity": "sha512-liC8jqILo2mZjKs/c/zDknohoLo2FocQH5ZGyPZzPNNHSC/LarVq42R4WA58lqPdH9ssP/JKArp6SZ6aP7vyhA==",
			"dev": true,
			"dependencies": {
				"json-lexer": "^1.2.0"
			},
			"engines": {
				"node": "^14.13.1 || >=16.0.0"
			}
		},
		"node_modules/json-lexer": {
			"version": "1.2.0",
			"resolved": "https://registry.npmjs.org/json-lexer/-/json-lexer-1.2.0.tgz",
			"integrity": "sha512-7otpx5UPFeSELoF8nkZPHCfywg86wOsJV0WNOaysuO7mfWj1QFp2vlqESRRCeJKBXr+tqDgHh4HgqUFKTLcifQ==",
			"dev": true
		},
		"node_modules/json-schema-cycles": {
			"version": "3.0.0",
			"resolved": "https://registry.npmjs.org/json-schema-cycles/-/json-schema-cycles-3.0.0.tgz",
			"integrity": "sha512-bhFjxBfSbwaBCQDFfUWxdt/yFVuPG+cIh2E1aNrK6+klDgSu6BKGnk0y+QjkZ1G03Gq7YUjmF26bnY9NFDGjvw==",
			"dev": true,
			"dependencies": {
				"graph-cycles": "^3.0.0",
				"json-schema-traverse": "^1.0.0"
			},
			"engines": {
				"node": "^14.13.1 || >=16.0.0"
			}
		},
		"node_modules/json-schema-traverse": {
			"version": "1.0.0",
			"resolved": "https://registry.npmjs.org/json-schema-traverse/-/json-schema-traverse-1.0.0.tgz",
			"integrity": "sha512-NM8/P9n3XjXhIZn1lLhkFaACTOURQXjWhV4BA/RnOv8xvgqtqpAX9IO4mRQxSx1Rlo4tqzeqb0sOlruaOy3dug==",
			"dev": true
		},
		"node_modules/jsonpointer": {
			"version": "5.0.1",
			"resolved": "https://registry.npmjs.org/jsonpointer/-/jsonpointer-5.0.1.tgz",
			"integrity": "sha512-p/nXbhSEcu3pZRdkW1OfJhpsVtW1gd4Wa1fnQc9YLiTfAjn0312eMKimbdIQzuZl9aa9xUGaRlP9T/CJE/ditQ==",
			"dev": true,
			"engines": {
				"node": ">=0.10.0"
			}
		},
		"node_modules/jsonpos": {
			"version": "4.1.2",
			"resolved": "https://registry.npmjs.org/jsonpos/-/jsonpos-4.1.2.tgz",
			"integrity": "sha512-cn+7TiBMq9VUsHKp+8uZeSY0K2ZnjEwurSA8uJlBoOmMA7w67axpvfv+v77A/8iEXLkXMN06uvEzblGj51+VBQ==",
			"dev": true,
			"dependencies": {
				"json-cst": "^1.2.0"
			},
			"engines": {
				"node": "^14.13.1 || >=16.0.0"
			}
		},
		"node_modules/leven": {
			"version": "4.0.0",
			"resolved": "https://registry.npmjs.org/leven/-/leven-4.0.0.tgz",
			"integrity": "sha512-puehA3YKku3osqPlNuzGDUHq8WpwXupUg1V6NXdV38G+gr+gkBwFC8g1b/+YcIvp8gnqVIus+eJCH/eGsRmJNw==",
			"dev": true,
			"engines": {
				"node": "^12.20.0 || ^14.13.1 || >=16.0.0"
			},
			"funding": {
				"url": "https://github.com/sponsors/sindresorhus"
			}
		},
		"node_modules/merge2": {
			"version": "1.4.1",
			"resolved": "https://registry.npmjs.org/merge2/-/merge2-1.4.1.tgz",
			"integrity": "sha512-8q7VEgMJW4J8tcfVPy8g09NcQwZdbwFEqhe/WZkoIzjn/3TGDwtOCYtXGxA3O8tPzpczCCDgv+P2P5y00ZJOOg==",
			"dev": true,
			"engines": {
				"node": ">= 8"
			}
		},
		"node_modules/meta-types": {
			"version": "2.0.0",
			"resolved": "https://registry.npmjs.org/meta-types/-/meta-types-2.0.0.tgz",
			"integrity": "sha512-I/UKzOsGtZuMuUPo17+J7dthEDWLorxnOvD5z6I0fgdDm2bJbo6VmMu+WVppOV3uog78iKjyenlRUMywgd3TPA==",
			"dev": true,
			"engines": {
				"node": ">=14"
			}
		},
		"node_modules/micromatch": {
			"version": "4.0.7",
			"resolved": "https://registry.npmjs.org/micromatch/-/micromatch-4.0.7.tgz",
			"integrity": "sha512-LPP/3KorzCwBxfeUuZmaR6bG2kdeHSbe0P2tY3FLRU4vYrjYz5hI4QZwV0njUx3jeuKe67YukQ1LSPZBKDqO/Q==",
			"dev": true,
			"dependencies": {
				"braces": "^3.0.3",
				"picomatch": "^2.3.1"
			},
			"engines": {
				"node": ">=8.6"
			}
		},
		"node_modules/openapi-json-schema": {
			"version": "2.0.0",
			"resolved": "https://registry.npmjs.org/openapi-json-schema/-/openapi-json-schema-2.0.0.tgz",
			"integrity": "sha512-jT5sg8ZuDQO8Unxpg3k0arUqPTdLmOknRxBOggvQLoGgJbExTdk/tDUECcCi2/UzmXiw22aq9ocdFI8j+MzKNQ==",
			"dev": true,
			"engines": {
				"node": ">=14.13.1 || >= 16"
			}
		},
		"node_modules/oppa": {
			"version": "0.4.0",
			"resolved": "https://registry.npmjs.org/oppa/-/oppa-0.4.0.tgz",
			"integrity": "sha512-DFvM3+F+rB/igo3FRnkDWitjZgBH9qZAn68IacYHsqbZBKwuTA+LdD4zSJiQtgQpWq7M08we5FlGAVHz0yW7PQ==",
			"dev": true,
			"dependencies": {
				"chalk": "^4.1.1"
			},
			"engines": {
				"node": ">=10"
			}
		},
		"node_modules/oppa/node_modules/chalk": {
			"version": "4.1.2",
			"resolved": "https://registry.npmjs.org/chalk/-/chalk-4.1.2.tgz",
			"integrity": "sha512-oKnbhFyRIXpUuez8iBMmyEa4nbj4IOQyuhc/wy9kY7/WVPcwIO9VA668Pu8RkO7+0G76SLROeyw9CpQ061i4mA==",
			"dev": true,
			"dependencies": {
				"ansi-styles": "^4.1.0",
				"supports-color": "^7.1.0"
			},
			"engines": {
				"node": ">=10"
			},
			"funding": {
				"url": "https://github.com/chalk/chalk?sponsor=1"
			}
		},
		"node_modules/path-type": {
			"version": "4.0.0",
			"resolved": "https://registry.npmjs.org/path-type/-/path-type-4.0.0.tgz",
			"integrity": "sha512-gDKb8aZMDeD/tZWs9P6+q0J9Mwkdl6xMV8TjnGP3qJVJ06bdMgkbBlLU8IdfOsIsFz2BW1rNVT3XuNEl8zPAvw==",
			"dev": true,
			"engines": {
				"node": ">=8"
			}
		},
		"node_modules/picomatch": {
			"version": "2.3.1",
			"resolved": "https://registry.npmjs.org/picomatch/-/picomatch-2.3.1.tgz",
			"integrity": "sha512-JU3teHTNjmE2VCGFzuY8EXzCDVwEqB2a8fsIvwaStHhAWJEeVd1o1QD80CU6+ZdEXXSLbSsuLwJjkCBWqRQUVA==",
			"dev": true,
			"engines": {
				"node": ">=8.6"
			},
			"funding": {
				"url": "https://github.com/sponsors/jonschlinkert"
			}
		},
		"node_modules/punycode": {
			"version": "2.3.1",
			"resolved": "https://registry.npmjs.org/punycode/-/punycode-2.3.1.tgz",
			"integrity": "sha512-vYt7UD1U9Wg6138shLtLOvdAu+8DsC/ilFtEVHcH+wydcSpNE20AfSOduf6MkRFahL5FY7X1oU7nKVZFtfq8Fg==",
			"dev": true,
			"engines": {
				"node": ">=6"
			}
		},
		"node_modules/queue-microtask": {
			"version": "1.2.3",
			"resolved": "https://registry.npmjs.org/queue-microtask/-/queue-microtask-1.2.3.tgz",
			"integrity": "sha512-NuaNSa6flKT5JaSYQzJok04JzTL1CA6aGhv5rfLW3PgqA+M2ChpZQnAC8h8i4ZFkBS8X5RqkDBHA7r4hej3K9A==",
			"dev": true,
			"funding": [
				{
					"type": "github",
					"url": "https://github.com/sponsors/feross"
				},
				{
					"type": "patreon",
					"url": "https://www.patreon.com/feross"
				},
				{
					"type": "consulting",
					"url": "https://feross.org/support"
				}
			]
		},
		"node_modules/reusify": {
			"version": "1.0.4",
			"resolved": "https://registry.npmjs.org/reusify/-/reusify-1.0.4.tgz",
			"integrity": "sha512-U9nH88a3fc/ekCF1l0/UP1IosiuIjyTh7hBvXVMHYgVcfGvt897Xguj2UOLDeI5BG2m7/uwyaLVT6fbtCwTyzw==",
			"dev": true,
			"engines": {
				"iojs": ">=1.0.0",
				"node": ">=0.10.0"
			}
		},
		"node_modules/rotated-array-set": {
			"version": "3.0.0",
			"resolved": "https://registry.npmjs.org/rotated-array-set/-/rotated-array-set-3.0.0.tgz",
			"integrity": "sha512-G7689wvCM0szMFXUAhi3GfNGcSPlndg077cdRWoq7UegOAwfU2MJ0jD7s7jB+2ppKA75Kr/O0HwAP9+rRdBctg==",
			"dev": true,
			"engines": {
				"node": "^14.13.1 || >=16.0.0"
			}
		},
		"node_modules/run-parallel": {
			"version": "1.2.0",
			"resolved": "https://registry.npmjs.org/run-parallel/-/run-parallel-1.2.0.tgz",
			"integrity": "sha512-5l4VyZR86LZ/lDxZTR6jqL8AFE2S0IFLMP26AbjsLVADxHdhB/c0GUsH+y39UfCi3dzz8OlQuPmnaJOMoDHQBA==",
			"dev": true,
			"funding": [
				{
					"type": "github",
					"url": "https://github.com/sponsors/feross"
				},
				{
					"type": "patreon",
					"url": "https://www.patreon.com/feross"
				},
				{
					"type": "consulting",
					"url": "https://feross.org/support"
				}
			],
			"dependencies": {
				"queue-microtask": "^1.2.2"
			}
		},
		"node_modules/short-tree": {
			"version": "3.0.0",
			"resolved": "https://registry.npmjs.org/short-tree/-/short-tree-3.0.0.tgz",
			"integrity": "sha512-Yd9NFs/o9QSoH4/wTjxk4Xe0+CIzitDRN1Qg7iBeTSejKjlCg/3PbgiRwDUVuaIxD0RRdv7Iz9jKr7e0HljtUg==",
			"dev": true,
			"dependencies": {
				"@types/bintrees": "^1.0.3",
				"bintrees": "^1.0.2"
			},
			"engines": {
				"node": "^14.13.1 || >=16.0.0"
			}
		},
		"node_modules/slash": {
			"version": "4.0.0",
			"resolved": "https://registry.npmjs.org/slash/-/slash-4.0.0.tgz",
			"integrity": "sha512-3dOsAHXXUkQTpOYcoAxLIorMTp4gIQr5IW3iVb7A7lFIp0VHhnynm9izx6TssdrIcVIESAlVjtnO2K8bg+Coew==",
			"dev": true,
			"engines": {
				"node": ">=12"
			},
			"funding": {
				"url": "https://github.com/sponsors/sindresorhus"
			}
		},
		"node_modules/supports-color": {
			"version": "7.2.0",
			"resolved": "https://registry.npmjs.org/supports-color/-/supports-color-7.2.0.tgz",
			"integrity": "sha512-qpCAvRl9stuOHveKsn7HncJRvv501qIacKzQlO/+Lwxc9+0q2wLyv4Dfvt80/DPn2pqOBsJdDiogXGR9+OvwRw==",
			"dev": true,
			"dependencies": {
				"has-flag": "^4.0.0"
			},
			"engines": {
				"node": ">=8"
			}
		},
		"node_modules/supports-hyperlinks": {
			"version": "2.3.0",
			"resolved": "https://registry.npmjs.org/supports-hyperlinks/-/supports-hyperlinks-2.3.0.tgz",
			"integrity": "sha512-RpsAZlpWcDwOPQA22aCH4J0t7L8JmAvsCxfOSEwm7cQs3LshN36QaTkwd70DnBOXDWGssw2eUoc8CaRWT0XunA==",
			"dev": true,
			"dependencies": {
				"has-flag": "^4.0.0",
				"supports-color": "^7.0.0"
			},
			"engines": {
				"node": ">=8"
			}
		},
		"node_modules/suretype": {
			"version": "3.3.1",
			"resolved": "https://registry.npmjs.org/suretype/-/suretype-3.3.1.tgz",
			"integrity": "sha512-eTb/gmWy8hvax6sRIEzNiPSX630DaPgosKk3oOYsdE0sebPYgHMn9QJ7XOidlKvRjrWBV7X+Qb/pIC5y8ZYNHA==",
			"dev": true,
			"dependencies": {
				"ajv": "^6.12.6",
				"awesome-ajv-errors": "^5.1.0",
				"meta-types": "^2.0.0"
			},
			"engines": {
				"node": "^14.13.1 || >=16.0.0"
			}
		},
		"node_modules/terminal-link": {
			"version": "3.0.0",
			"resolved": "https://registry.npmjs.org/terminal-link/-/terminal-link-3.0.0.tgz",
			"integrity": "sha512-flFL3m4wuixmf6IfhFJd1YPiLiMuxEc8uHRM1buzIeZPm22Au2pDqBJQgdo7n1WfPU1ONFGv7YDwpFBmHGF6lg==",
			"dev": true,
			"dependencies": {
				"ansi-escapes": "^5.0.0",
				"supports-hyperlinks": "^2.2.0"
			},
			"engines": {
				"node": ">=12"
			},
			"funding": {
				"url": "https://github.com/sponsors/sindresorhus"
			}
		},
		"node_modules/to-regex-range": {
			"version": "5.0.1",
			"resolved": "https://registry.npmjs.org/to-regex-range/-/to-regex-range-5.0.1.tgz",
			"integrity": "sha512-65P7iz6X5yEr1cwcgvQxbbIw7Uk3gOy5dIdtZ4rDveLqhrdJP+Li/Hx6tyK0NEb+2GCyneCMJiGqrADCSNk8sQ==",
			"dev": true,
			"dependencies": {
				"is-number": "^7.0.0"
			},
			"engines": {
				"node": ">=8.0"
			}
		},
		"node_modules/toposort": {
			"version": "2.0.2",
			"resolved": "https://registry.npmjs.org/toposort/-/toposort-2.0.2.tgz",
			"integrity": "sha512-0a5EOkAUp8D4moMi2W8ZF8jcga7BgZd91O/yabJCFY8az+XSzeGyTKs0Aoo897iV1Nj6guFq8orWDS96z91oGg==",
			"dev": true
		},
		"node_modules/type-fest": {
			"version": "1.4.0",
			"resolved": "https://registry.npmjs.org/type-fest/-/type-fest-1.4.0.tgz",
			"integrity": "sha512-yGSza74xk0UG8k+pLh5oeoYirvIiWo5t0/o3zHHAO2tRDiZcxWP7fywNlXhqb6/r6sWvwi+RsyQMWhVLe4BVuA==",
			"dev": true,
			"engines": {
				"node": ">=10"
			},
			"funding": {
				"url": "https://github.com/sponsors/sindresorhus"
			}
		},
		"node_modules/typeconv": {
			"version": "2.3.1",
			"resolved": "https://registry.npmjs.org/typeconv/-/typeconv-2.3.1.tgz",
			"integrity": "sha512-eFJM+JTVZcc+iTPgZA55D7v8bG/8N/Tf4xFVdwlivQcu0eOA+VWytcJbL8vETKCoMif14x9K97/5OBzEV5aJKA==",
			"dev": true,
			"dependencies": {
				"already": "^3.4.1",
				"awesome-code-frame": "^1.1.0",
				"chalk": "^5.2.0",
				"core-types": "^3.1.0",
				"core-types-graphql": "^3.0.0",
				"core-types-json-schema": "^2.2.0",
				"core-types-suretype": "^3.2.0",
				"core-types-ts": "^4.1.0",
				"globby": "^13.1.4",
				"js-yaml": "^4.1.0",
				"oppa": "^0.4.0",
				"terminal-link": "^3.0.0"
			},
			"bin": {
				"typeconv": "dist/bin/typeconv.js"
			},
			"engines": {
				"node": ">=14.13.1"
			}
		},
		"node_modules/typescript": {
			"version": "5.4.5",
			"resolved": "https://registry.npmjs.org/typescript/-/typescript-5.4.5.tgz",
			"integrity": "sha512-vcI4UpRgg81oIRUFwR0WSIHKt11nJ7SAVlYNIu+QpqeyXP+gpQJy/Z4+F0aGxSE4MqwjyXvW/TzgkLAx2AGHwQ==",
			"dev": true,
			"bin": {
				"tsc": "bin/tsc",
				"tsserver": "bin/tsserver"
			},
			"engines": {
				"node": ">=14.17"
			}
		},
		"node_modules/undici-types": {
			"version": "5.26.5",
			"resolved": "https://registry.npmjs.org/undici-types/-/undici-types-5.26.5.tgz",
			"integrity": "sha512-JlCMO+ehdEIKqlFxk6IfVoAUVmgz7cU7zD/h9XZ0qzeosSHmUJVOzSQvvYSYWXkFXC+IfLKSIffhv0sVZup6pA==",
			"dev": true
		},
		"node_modules/uri-js": {
			"version": "4.4.1",
			"resolved": "https://registry.npmjs.org/uri-js/-/uri-js-4.4.1.tgz",
			"integrity": "sha512-7rKUyy33Q1yc98pQ1DAmLtwX109F7TIfWlW1Ydo8Wl1ii1SeHieeh0HHfPeL2fMXK6z0s8ecKs9frCuLJvndBg==",
			"dev": true,
			"dependencies": {
				"punycode": "^2.1.0"
			}
		}
	}
}
